
Microsoft Visual Studio Solution File, Format Version 12.00
# Visual Studio Version 17
VisualStudioVersion = 17.2.32602.215
MinimumVisualStudioVersion = 10.0.40219.1
Project("{9A19103F-16F7-4668-BE54-9A1E7A4F7556}") = "GPCalculator", "GPCalculator.csproj", "{66276308-238D-45DE-B460-137E06AFC651}"
EndProject
Global
	GlobalSection(SolutionConfigurationPlatforms) = preSolution
		Debug|Any CPU = Debug|Any CPU
		Release|Any CPU = Release|Any CPU
	EndGlobalSection
	GlobalSection(ProjectConfigurationPlatforms) = postSolution
		{66276308-238D-45DE-B460-137E06AFC651}.Debug|Any CPU.ActiveCfg = Debug|Any CPU
		{66276308-238D-45DE-B460-137E06AFC651}.Debug|Any CPU.Build.0 = Debug|Any CPU
		{66276308-238D-45DE-B460-137E06AFC651}.Release|Any CPU.ActiveCfg = Release|Any CPU
		{66276308-238D-45DE-B460-137E06AFC651}.Release|Any CPU.Build.0 = Release|Any CPU
	EndGlobalSection
	GlobalSection(SolutionProperties) = preSolution
		HideSolutionNode = FALSE
	EndGlobalSection
	GlobalSection(ExtensibilityGlobals) = postSolution
		SolutionGuid = {0833947B-7962-43E3-9FB1-2FBC99C5FCAA}
	EndGlobalSection
EndGlobal
